{
  "name": "@uniswap/mixed-quoter",
  "version": "1.0.0",
  "lockfileVersion": 3,
  "requires": true,
  "packages": {
    "": {
      "name": "@uniswap/mixed-quoter",
      "version": "1.0.0",
      "license": "GPL-2.0-or-later",
      "dependencies": {
        "@openzeppelin/contracts": "4.7.0",
        "@uniswap/universal-router": "1.6.0",
        "@uniswap/v2-core": "1.0.1",
        "@uniswap/v3-core": "1.0.0"
      }
    },
    "node_modules/@openzeppelin/contracts": {
      "version": "4.7.0",
      "resolved": "https://registry.npmjs.org/@openzeppelin/contracts/-/contracts-4.7.0.tgz",
      "integrity": "sha512-52Qb+A1DdOss8QvJrijYYPSf32GUg2pGaG/yCxtaA3cu4jduouTdg4XZSMLW9op54m1jH7J8hoajhHKOPsoJFw=="
    },
    "node_modules/@uniswap/universal-router": {
      "version": "1.6.0",
      "resolved": "https://registry.npmjs.org/@uniswap/universal-router/-/universal-router-1.6.0.tgz",
      "integrity": "sha512-Gt0b0rtMV1vSrgXY3vz5R1RCZENB+rOkbOidY9GvcXrK1MstSrQSOAc+FCr8FSgsDhmRAdft0lk5YUxtM9i9Lg==",
      "dependencies": {
        "@openzeppelin/contracts": "4.7.0",
        "@uniswap/v2-core": "1.0.1",
        "@uniswap/v3-core": "1.0.0"
      },
      "engines": {
        "node": ">=14"
      }
    },
    "node_modules/@uniswap/v2-core": {
      "version": "1.0.1",
      "resolved": "https://registry.npmjs.org/@uniswap/v2-core/-/v2-core-1.0.1.tgz",
      "integrity": "sha512-MtybtkUPSyysqLY2U210NBDeCHX+ltHt3oADGdjqoThZaFRDKwM6k1Nb3F0A3hk5hwuQvytFWhrWHOEq6nVJ8Q==",
      "engines": {
        "node": ">=10"
      }
    },
    "node_modules/@uniswap/v3-core": {
      "version": "1.0.0",
      "resolved": "https://registry.npmjs.org/@uniswap/v3-core/-/v3-core-1.0.0.tgz",
      "integrity": "sha512-kSC4djMGKMHj7sLMYVnn61k9nu+lHjMIxgg9CDQT+s2QYLoA56GbSK9Oxr+qJXzzygbkrmuY6cwgP6cW2JXPFA==",
      "engines": {
        "node": ">=10"
      }
    }
  }
}
