# THIS IS AN AUTOGENERATED FILE. DO NOT EDIT THIS FILE DIRECTLY.
# yarn lockfile v1


"@openzeppelin/contracts@4.7.0":
  version "4.7.0"
  resolved "https://registry.yarnpkg.com/@openzeppelin/contracts/-/contracts-4.7.0.tgz#3092d70ea60e3d1835466266b1d68ad47035a2d5"
  integrity sha512-52Qb+A1DdOss8QvJrijYYPSf32GUg2pGaG/yCxtaA3cu4jduouTdg4XZSMLW9op54m1jH7J8hoajhHKOPsoJFw==

"@uniswap/universal-router@1.6.0":
  version "1.6.0"
  resolved "https://registry.yarnpkg.com/@uniswap/universal-router/-/universal-router-1.6.0.tgz#3d7372e98a0303c70587802ee6841b8b6b42fc6f"
  integrity sha512-Gt0b0rtMV1vSrgXY3vz5R1RCZENB+rOkbOidY9GvcXrK1MstSrQSOAc+FCr8FSgsDhmRAdft0lk5YUxtM9i9Lg==
  dependencies:
    "@openzeppelin/contracts" "4.7.0"
    "@uniswap/v2-core" "1.0.1"
    "@uniswap/v3-core" "1.0.0"

"@uniswap/v2-core@1.0.1":
  version "1.0.1"
  resolved "https://registry.yarnpkg.com/@uniswap/v2-core/-/v2-core-1.0.1.tgz#af8f508bf183204779938969e2e54043e147d425"
  integrity sha512-MtybtkUPSyysqLY2U210NBDeCHX+ltHt3oADGdjqoThZaFRDKwM6k1Nb3F0A3hk5hwuQvytFWhrWHOEq6nVJ8Q==

"@uniswap/v3-core@1.0.0":
  version "1.0.0"
  resolved "https://registry.yarnpkg.com/@uniswap/v3-core/-/v3-core-1.0.0.tgz#6c24adacc4c25dceee0ba3ca142b35adbd7e359d"
  integrity sha512-kSC4djMGKMHj7sLMYVnn61k9nu+lHjMIxgg9CDQT+s2QYLoA56GbSK9Oxr+qJXzzygbkrmuY6cwgP6cW2JXPFA==
